
Microsoft Visual Studio Solution File, Format Version 12.00
# Visual Studio Version 16
VisualStudioVersion = 16.0.30114.105
MinimumVisualStudioVersion = 10.0.40219.1
Project("{FAE04EC0-301F-11D3-BF4B-00C04F79EFBC}") = "API", "API\API.csproj", "{DC3CD41F-7B33-48E3-9F10-1FC0863AF970}"
EndProject
Project("{FAE04EC0-301F-11D3-BF4B-00C04F79EFBC}") = "Application", "Application\Application.csproj", "{DF33B7CA-3EC3-462E-830C-B1E5E459E6DE}"
EndProject
Project("{FAE04EC0-301F-11D3-BF4B-00C04F79EFBC}") = "Persistence", "Persistence\Persistence.csproj", "{632EA7CA-0502-42D5-95D7-55B315F624B0}"
EndProject
Project("{FAE04EC0-301F-11D3-BF4B-00C04F79EFBC}") = "Domain", "Domain\Domain.csproj", "{DE21D3D9-C33D-4141-B071-63BAD9420E65}"
EndProject
Global
	GlobalSection(SolutionConfigurationPlatforms) = preSolution
		Debug|Any CPU = Debug|Any CPU
		Debug|x64 = Debug|x64
		Debug|x86 = Debug|x86
		Release|Any CPU = Release|Any CPU
		Release|x64 = Release|x64
		Release|x86 = Release|x86
	EndGlobalSection
	GlobalSection(SolutionProperties) = preSolution
		HideSolutionNode = FALSE
	EndGlobalSection
	GlobalSection(ProjectConfigurationPlatforms) = postSolution
		{DC3CD41F-7B33-48E3-9F10-1FC0863AF970}.Debug|Any CPU.ActiveCfg = Debug|Any CPU
		{DC3CD41F-7B33-48E3-9F10-1FC0863AF970}.Debug|Any CPU.Build.0 = Debug|Any CPU
		{DC3CD41F-7B33-48E3-9F10-1FC0863AF970}.Debug|x64.ActiveCfg = Debug|Any CPU
		{DC3CD41F-7B33-48E3-9F10-1FC0863AF970}.Debug|x64.Build.0 = Debug|Any CPU
		{DC3CD41F-7B33-48E3-9F10-1FC0863AF970}.Debug|x86.ActiveCfg = Debug|Any CPU
		{DC3CD41F-7B33-48E3-9F10-1FC0863AF970}.Debug|x86.Build.0 = Debug|Any CPU
		{DC3CD41F-7B33-48E3-9F10-1FC0863AF970}.Release|Any CPU.ActiveCfg = Release|Any CPU
		{DC3CD41F-7B33-48E3-9F10-1FC0863AF970}.Release|Any CPU.Build.0 = Release|Any CPU
		{DC3CD41F-7B33-48E3-9F10-1FC0863AF970}.Release|x64.ActiveCfg = Release|Any CPU
		{DC3CD41F-7B33-48E3-9F10-1FC0863AF970}.Release|x64.Build.0 = Release|Any CPU
		{DC3CD41F-7B33-48E3-9F10-1FC0863AF970}.Release|x86.ActiveCfg = Release|Any CPU
		{DC3CD41F-7B33-48E3-9F10-1FC0863AF970}.Release|x86.Build.0 = Release|Any CPU
		{DF33B7CA-3EC3-462E-830C-B1E5E459E6DE}.Debug|Any CPU.ActiveCfg = Debug|Any CPU
		{DF33B7CA-3EC3-462E-830C-B1E5E459E6DE}.Debug|Any CPU.Build.0 = Debug|Any CPU
		{DF33B7CA-3EC3-462E-830C-B1E5E459E6DE}.Debug|x64.ActiveCfg = Debug|Any CPU
		{DF33B7CA-3EC3-462E-830C-B1E5E459E6DE}.Debug|x64.Build.0 = Debug|Any CPU
		{DF33B7CA-3EC3-462E-830C-B1E5E459E6DE}.Debug|x86.ActiveCfg = Debug|Any CPU
		{DF33B7CA-3EC3-462E-830C-B1E5E459E6DE}.Debug|x86.Build.0 = Debug|Any CPU
		{DF33B7CA-3EC3-462E-830C-B1E5E459E6DE}.Release|Any CPU.ActiveCfg = Release|Any CPU
		{DF33B7CA-3EC3-462E-830C-B1E5E459E6DE}.Release|Any CPU.Build.0 = Release|Any CPU
		{DF33B7CA-3EC3-462E-830C-B1E5E459E6DE}.Release|x64.ActiveCfg = Release|Any CPU
		{DF33B7CA-3EC3-462E-830C-B1E5E459E6DE}.Release|x64.Build.0 = Release|Any CPU
		{DF33B7CA-3EC3-462E-830C-B1E5E459E6DE}.Release|x86.ActiveCfg = Release|Any CPU
		{DF33B7CA-3EC3-462E-830C-B1E5E459E6DE}.Release|x86.Build.0 = Release|Any CPU
		{632EA7CA-0502-42D5-95D7-55B315F624B0}.Debug|Any CPU.ActiveCfg = Debug|Any CPU
		{632EA7CA-0502-42D5-95D7-55B315F624B0}.Debug|Any CPU.Build.0 = Debug|Any CPU
		{632EA7CA-0502-42D5-95D7-55B315F624B0}.Debug|x64.ActiveCfg = Debug|Any CPU
		{632EA7CA-0502-42D5-95D7-55B315F624B0}.Debug|x64.Build.0 = Debug|Any CPU
		{632EA7CA-0502-42D5-95D7-55B315F624B0}.Debug|x86.ActiveCfg = Debug|Any CPU
		{632EA7CA-0502-42D5-95D7-55B315F624B0}.Debug|x86.Build.0 = Debug|Any CPU
		{632EA7CA-0502-42D5-95D7-55B315F624B0}.Release|Any CPU.ActiveCfg = Release|Any CPU
		{632EA7CA-0502-42D5-95D7-55B315F624B0}.Release|Any CPU.Build.0 = Release|Any CPU
		{632EA7CA-0502-42D5-95D7-55B315F624B0}.Release|x64.ActiveCfg = Release|Any CPU
		{632EA7CA-0502-42D5-95D7-55B315F624B0}.Release|x64.Build.0 = Release|Any CPU
		{632EA7CA-0502-42D5-95D7-55B315F624B0}.Release|x86.ActiveCfg = Release|Any CPU
		{632EA7CA-0502-42D5-95D7-55B315F624B0}.Release|x86.Build.0 = Release|Any CPU
		{DE21D3D9-C33D-4141-B071-63BAD9420E65}.Debug|Any CPU.ActiveCfg = Debug|Any CPU
		{DE21D3D9-C33D-4141-B071-63BAD9420E65}.Debug|Any CPU.Build.0 = Debug|Any CPU
		{DE21D3D9-C33D-4141-B071-63BAD9420E65}.Debug|x64.ActiveCfg = Debug|Any CPU
		{DE21D3D9-C33D-4141-B071-63BAD9420E65}.Debug|x64.Build.0 = Debug|Any CPU
		{DE21D3D9-C33D-4141-B071-63BAD9420E65}.Debug|x86.ActiveCfg = Debug|Any CPU
		{DE21D3D9-C33D-4141-B071-63BAD9420E65}.Debug|x86.Build.0 = Debug|Any CPU
		{DE21D3D9-C33D-4141-B071-63BAD9420E65}.Release|Any CPU.ActiveCfg = Release|Any CPU
		{DE21D3D9-C33D-4141-B071-63BAD9420E65}.Release|Any CPU.Build.0 = Release|Any CPU
		{DE21D3D9-C33D-4141-B071-63BAD9420E65}.Release|x64.ActiveCfg = Release|Any CPU
		{DE21D3D9-C33D-4141-B071-63BAD9420E65}.Release|x64.Build.0 = Release|Any CPU
		{DE21D3D9-C33D-4141-B071-63BAD9420E65}.Release|x86.ActiveCfg = Release|Any CPU
		{DE21D3D9-C33D-4141-B071-63BAD9420E65}.Release|x86.Build.0 = Release|Any CPU
	EndGlobalSection
EndGlobal
